
Microsoft Visual Studio Solution File, Format Version 12.00
# Visual Studio Version 16
VisualStudioVersion = 16.0.28531.58
MinimumVisualStudioVersion = 10.0.40219.1
Project("{2150E333-8FDC-42A3-9474-1A3956D46DE8}") = "Web", "Web", "{A0C11F0B-3125-401D-B0D6-2873D8723971}"
EndProject
Project("{2150E333-8FDC-42A3-9474-1A3956D46DE8}") = "Data", "Data", "{D54E450E-80F9-4B71-B7D4-71776E999889}"
EndProject
Project("{2150E333-8FDC-42A3-9474-1A3956D46DE8}") = "Test", "Test", "{3E6B9493-6FEF-4D0F-9225-8081AF7AD70A}"
EndProject
Project("{FAE04EC0-301F-11D3-BF4B-00C04F79EFBC}") = "Northwind.Models", "Northwind.Models\Northwind.Models.csproj", "{32777450-DF0D-4E79-974F-0576EE5D928C}"
EndProject
Project("{FAE04EC0-301F-11D3-BF4B-00C04F79EFBC}") = "Northwind.UnitOfWork", "Northwind.UnitOfWork\Northwind.UnitOfWork.csproj", "{B4A8BD14-4171-4214-B19B-1B91BD2D4568}"
EndProject
Project("{FAE04EC0-301F-11D3-BF4B-00C04F79EFBC}") = "Northwind.DataAccess", "Northwind.DataAccess\Northwind.DataAccess.csproj", "{9B12B469-EF4B-46F5-BEFA-BB6887ECB690}"
EndProject
Project("{FAE04EC0-301F-11D3-BF4B-00C04F79EFBC}") = "Northwind.Repositories", "Northwind.Repositories\Northwind.Repositories.csproj", "{31725148-FA80-4B86-BD92-51E02C423673}"
EndProject
Project("{FAE04EC0-301F-11D3-BF4B-00C04F79EFBC}") = "Northwind.WebApi", "Northwind.WebApi\Northwind.WebApi.csproj", "{4582247C-872D-428D-A6E9-BBD60EED2DF8}"
EndProject
Global
	GlobalSection(SolutionConfigurationPlatforms) = preSolution
		Debug|Any CPU = Debug|Any CPU
		Release|Any CPU = Release|Any CPU
	EndGlobalSection
	GlobalSection(ProjectConfigurationPlatforms) = postSolution
		{32777450-DF0D-4E79-974F-0576EE5D928C}.Debug|Any CPU.ActiveCfg = Debug|Any CPU
		{32777450-DF0D-4E79-974F-0576EE5D928C}.Debug|Any CPU.Build.0 = Debug|Any CPU
		{32777450-DF0D-4E79-974F-0576EE5D928C}.Release|Any CPU.ActiveCfg = Release|Any CPU
		{32777450-DF0D-4E79-974F-0576EE5D928C}.Release|Any CPU.Build.0 = Release|Any CPU
		{B4A8BD14-4171-4214-B19B-1B91BD2D4568}.Debug|Any CPU.ActiveCfg = Debug|Any CPU
		{B4A8BD14-4171-4214-B19B-1B91BD2D4568}.Debug|Any CPU.Build.0 = Debug|Any CPU
		{B4A8BD14-4171-4214-B19B-1B91BD2D4568}.Release|Any CPU.ActiveCfg = Release|Any CPU
		{B4A8BD14-4171-4214-B19B-1B91BD2D4568}.Release|Any CPU.Build.0 = Release|Any CPU
		{9B12B469-EF4B-46F5-BEFA-BB6887ECB690}.Debug|Any CPU.ActiveCfg = Debug|Any CPU
		{9B12B469-EF4B-46F5-BEFA-BB6887ECB690}.Debug|Any CPU.Build.0 = Debug|Any CPU
		{9B12B469-EF4B-46F5-BEFA-BB6887ECB690}.Release|Any CPU.ActiveCfg = Release|Any CPU
		{9B12B469-EF4B-46F5-BEFA-BB6887ECB690}.Release|Any CPU.Build.0 = Release|Any CPU
		{31725148-FA80-4B86-BD92-51E02C423673}.Debug|Any CPU.ActiveCfg = Debug|Any CPU
		{31725148-FA80-4B86-BD92-51E02C423673}.Debug|Any CPU.Build.0 = Debug|Any CPU
		{31725148-FA80-4B86-BD92-51E02C423673}.Release|Any CPU.ActiveCfg = Release|Any CPU
		{31725148-FA80-4B86-BD92-51E02C423673}.Release|Any CPU.Build.0 = Release|Any CPU
		{4582247C-872D-428D-A6E9-BBD60EED2DF8}.Debug|Any CPU.ActiveCfg = Debug|Any CPU
		{4582247C-872D-428D-A6E9-BBD60EED2DF8}.Debug|Any CPU.Build.0 = Debug|Any CPU
		{4582247C-872D-428D-A6E9-BBD60EED2DF8}.Release|Any CPU.ActiveCfg = Release|Any CPU
		{4582247C-872D-428D-A6E9-BBD60EED2DF8}.Release|Any CPU.Build.0 = Release|Any CPU
	EndGlobalSection
	GlobalSection(SolutionProperties) = preSolution
		HideSolutionNode = FALSE
	EndGlobalSection
	GlobalSection(NestedProjects) = preSolution
		{32777450-DF0D-4E79-974F-0576EE5D928C} = {D54E450E-80F9-4B71-B7D4-71776E999889}
		{B4A8BD14-4171-4214-B19B-1B91BD2D4568} = {D54E450E-80F9-4B71-B7D4-71776E999889}
		{9B12B469-EF4B-46F5-BEFA-BB6887ECB690} = {D54E450E-80F9-4B71-B7D4-71776E999889}
		{31725148-FA80-4B86-BD92-51E02C423673} = {D54E450E-80F9-4B71-B7D4-71776E999889}
		{4582247C-872D-428D-A6E9-BBD60EED2DF8} = {A0C11F0B-3125-401D-B0D6-2873D8723971}
	EndGlobalSection
	GlobalSection(ExtensibilityGlobals) = postSolution
		SolutionGuid = {09400D86-97B7-4E8F-9444-4F62ED60087D}
	EndGlobalSection
EndGlobal
